
Microsoft Visual Studio Solution File, Format Version 12.00
# Visual Studio 15
Project("{FAE04EC0-301F-11D3-BF4B-00C04F79EFBC}") = "Assembly-CSharp", "Assembly-CSharp.csproj", "{C324C6AC-7EE7-017C-7C33-45D6EC26D07D}"
EndProject
Project("{FAE04EC0-301F-11D3-BF4B-00C04F79EFBC}") = "Assembly-CSharp-Editor", "Assembly-CSharp-Editor.csproj", "{FC6826A1-D789-2A9F-23C2-E1AF86C4881F}"
EndProject
Project("{FAE04EC0-301F-11D3-BF4B-00C04F79EFBC}") = "Assembly-CSharp", "Assembly-CSharp.Player.csproj", "{585BCA13-0311-1F3B-79CD-1848A48E72F9}"
EndProject
Global
	GlobalSection(SolutionConfigurationPlatforms) = preSolution
		Debug|Any CPU = Debug|Any CPU
		Release|Any CPU = Release|Any CPU
	EndGlobalSection
	GlobalSection(ProjectConfigurationPlatforms) = postSolution
		{C324C6AC-7EE7-017C-7C33-45D6EC26D07D}.Debug|Any CPU.ActiveCfg = Debug|Any CPU
		{C324C6AC-7EE7-017C-7C33-45D6EC26D07D}.Debug|Any CPU.Build.0 = Debug|Any CPU
		{C324C6AC-7EE7-017C-7C33-45D6EC26D07D}.Release|Any CPU.ActiveCfg = Release|Any CPU
		{C324C6AC-7EE7-017C-7C33-45D6EC26D07D}.Release|Any CPU.Build.0 = Release|Any CPU
		{FC6826A1-D789-2A9F-23C2-E1AF86C4881F}.Debug|Any CPU.ActiveCfg = Debug|Any CPU
		{FC6826A1-D789-2A9F-23C2-E1AF86C4881F}.Debug|Any CPU.Build.0 = Debug|Any CPU
		{FC6826A1-D789-2A9F-23C2-E1AF86C4881F}.Release|Any CPU.ActiveCfg = Release|Any CPU
		{FC6826A1-D789-2A9F-23C2-E1AF86C4881F}.Release|Any CPU.Build.0 = Release|Any CPU
		{585BCA13-0311-1F3B-79CD-1848A48E72F9}.Debug|Any CPU.ActiveCfg = Debug|Any CPU
		{585BCA13-0311-1F3B-79CD-1848A48E72F9}.Debug|Any CPU.Build.0 = Debug|Any CPU
		{585BCA13-0311-1F3B-79CD-1848A48E72F9}.Release|Any CPU.ActiveCfg = Release|Any CPU
		{585BCA13-0311-1F3B-79CD-1848A48E72F9}.Release|Any CPU.Build.0 = Release|Any CPU
	EndGlobalSection
	GlobalSection(SolutionProperties) = preSolution
		HideSolutionNode = FALSE
	EndGlobalSection
EndGlobal
